
Microsoft Visual Studio Solution File, Format Version 12.00
# Visual Studio Version 17
VisualStudioVersion = 17.8.34511.84
MinimumVisualStudioVersion = 10.0.40219.1
Project("{FAE04EC0-301F-11D3-BF4B-00C04F79EFBC}") = "GitFun", "GitFun.csproj", "{C2302B31-81F9-4C35-B858-25F1A0B38762}"
EndProject
Global
	GlobalSection(SolutionConfigurationPlatforms) = preSolution
		Debug|Any CPU = Debug|Any CPU
		Release|Any CPU = Release|Any CPU
	EndGlobalSection
	GlobalSection(ProjectConfigurationPlatforms) = postSolution
		{C2302B31-81F9-4C35-B858-25F1A0B38762}.Debug|Any CPU.ActiveCfg = Debug|Any CPU
		{C2302B31-81F9-4C35-B858-25F1A0B38762}.Debug|Any CPU.Build.0 = Debug|Any CPU
		{C2302B31-81F9-4C35-B858-25F1A0B38762}.Release|Any CPU.ActiveCfg = Release|Any CPU
		{C2302B31-81F9-4C35-B858-25F1A0B38762}.Release|Any CPU.Build.0 = Release|Any CPU
	EndGlobalSection
	GlobalSection(SolutionProperties) = preSolution
		HideSolutionNode = FALSE
	EndGlobalSection
	GlobalSection(ExtensibilityGlobals) = postSolution
		SolutionGuid = {20E6D732-794A-4A8A-8D98-08DA0DD754BE}
	EndGlobalSection
EndGlobal
